
Microsoft Visual Studio Solution File, Format Version 12.00
# Visual Studio Version 16
VisualStudioVersion = 16.0.31727.386
MinimumVisualStudioVersion = 10.0.40219.1
Project("{8BC9CEB8-8B4A-11D0-8D11-00A0C91BC942}") = "Windows11DragAndDropToTaskbarPartialFix", "Windows11DragAndDropToTaskbarPartialFix\Windows11DragAndDropToTaskbarPartialFix.vcxproj", "{CD9E41E3-70DF-40B1-AF3D-C5F47ABC98E5}"
EndProject
Global
	GlobalSection(SolutionConfigurationPlatforms) = preSolution
		Debug|x64 = Debug|x64
		Debug|x86 = Debug|x86
		Release|x64 = Release|x64
		Release|x86 = Release|x86
	EndGlobalSection
	GlobalSection(ProjectConfigurationPlatforms) = postSolution
		{CD9E41E3-70DF-40B1-AF3D-C5F47ABC98E5}.Debug|x64.ActiveCfg = Debug|x64
		{CD9E41E3-70DF-40B1-AF3D-C5F47ABC98E5}.Debug|x64.Build.0 = Debug|x64
		{CD9E41E3-70DF-40B1-AF3D-C5F47ABC98E5}.Debug|x86.ActiveCfg = Debug|Win32
		{CD9E41E3-70DF-40B1-AF3D-C5F47ABC98E5}.Debug|x86.Build.0 = Debug|Win32
		{CD9E41E3-70DF-40B1-AF3D-C5F47ABC98E5}.Release|x64.ActiveCfg = Release|x64
		{CD9E41E3-70DF-40B1-AF3D-C5F47ABC98E5}.Release|x64.Build.0 = Release|x64
		{CD9E41E3-70DF-40B1-AF3D-C5F47ABC98E5}.Release|x86.ActiveCfg = Release|Win32
		{CD9E41E3-70DF-40B1-AF3D-C5F47ABC98E5}.Release|x86.Build.0 = Release|Win32
	EndGlobalSection
	GlobalSection(SolutionProperties) = preSolution
		HideSolutionNode = FALSE
	EndGlobalSection
	GlobalSection(ExtensibilityGlobals) = postSolution
		SolutionGuid = {6F8B3D28-835F-4D82-AC73-3198B1E7AC65}
	EndGlobalSection
EndGlobal
